# THIS IS AN AUTOGENERATED FILE. DO NOT EDIT THIS FILE DIRECTLY.
# yarn lockfile v1


"@essentials/request-timeout@^1.0.1":
  version "1.0.2"
  resolved "https://registry.yarnpkg.com/@essentials/request-timeout/-/request-timeout-1.0.2.tgz#0fcb7d7ec186fcfc5f32685968407a2d51d6443d"
  integrity sha512-P4pM8z1J9Ifj9SanjHyIuzV+AF/Ry6Coxm6foyza3aiDsweHME3t5sRrKv0ohpsmQLrmgt8XLlwFLPoAYLpq2Q==
  dependencies:
    performance-now "^2.1.0"
    raf "^3.4.1"

"@react-hook/debounce@^1.0.6":
  version "1.0.11"
  resolved "https://registry.yarnpkg.com/@react-hook/debounce/-/debounce-1.0.11.tgz#a8d1deec0d1757768a6ccc702c2edfb92447442f"
  integrity sha512-FGLzLV2W7qnh2ehSGezao1wkdsMHhN00pYt8IuN/RLFhwd0YDwseEI6pM5ZGjf5lVsALvBaBMKriQ0Wm4UUA5A==
  dependencies:
    "@essentials/request-timeout" "^1.0.1"

"@react-hook/throttle@^1.0.7":
  version "1.0.12"
  resolved "https://registry.yarnpkg.com/@react-hook/throttle/-/throttle-1.0.12.tgz#4e78cf19de2a733d9a2dfcb342bf99de21fa3d64"
  integrity sha512-hukkwzt3ok8vhDJGfBIJfQIfI+o2xaMwrZKUUY3yAHTGThJZ8SG5Uga/suuwa9vDNS3+PORPL4ib5cri/QHKnw==
  dependencies:
    "@essentials/request-timeout" "^1.0.1"

"@react-hook/window-size@^1.0.12":
  version "1.0.12"
  resolved "https://registry.yarnpkg.com/@react-hook/window-size/-/window-size-1.0.12.tgz#feffac908e1c0a7aa32fe5db7be262dd0dadefb4"
  integrity sha512-Z2IlQmbCQ7fsLCvn6GnIFFE5Evz+nz1CjC0d+ZDjFnX3pfCJCLc0TlzwSDDOrjYLvqkTC29FUF6wDT6lfbyxzg==
  dependencies:
    "@react-hook/debounce" "^1.0.6"
    "@react-hook/throttle" "^1.0.7"

jquery@x.*:
  version "3.5.0"
  resolved "https://registry.yarnpkg.com/jquery/-/jquery-3.5.0.tgz#9980b97d9e4194611c36530e7dc46a58d7340fc9"
  integrity sha512-Xb7SVYMvygPxbFMpTFQiHh1J7HClEaThguL15N/Gg37Lri/qKyhRGZYzHRyLH8Stq3Aow0LsHO2O2ci86fCrNQ==

performance-now@^2.1.0:
  version "2.1.0"
  resolved "https://registry.yarnpkg.com/performance-now/-/performance-now-2.1.0.tgz#6309f4e0e5fa913ec1c69307ae364b4b377c9e7b"
  integrity sha1-Ywn04OX6kT7BxpMHrjZLSzd8nns=

raf@^3.4.1:
  version "3.4.1"
  resolved "https://registry.yarnpkg.com/raf/-/raf-3.4.1.tgz#0742e99a4a6552f445d73e3ee0328af0ff1ede39"
  integrity sha512-Sq4CW4QhwOHE8ucn6J34MqtZCeWFP2aQSmrlroYgqAV1PjStIhJXxYuTgUIfkEk7zTLjmIjLmU5q+fbD1NnOJA==
  dependencies:
    performance-now "^2.1.0"

react-confetti@^5.0.1:
  version "5.0.1"
  resolved "https://registry.yarnpkg.com/react-confetti/-/react-confetti-5.0.1.tgz#3003570778cafad4db0ab5513018d4c10e9d1271"
  integrity sha512-mMxg2JPiRynzWEcfdsUVciRSKr2Mm3pFVKSGng/9Rgg1fYLxVj5XgSqiCP7kz2fN8/xfC79Rbgp1JRyCYssBkA==
  dependencies:
    tween-functions "^1.2.0"

react-use-size@^1.2.3:
  version "1.2.3"
  resolved "https://registry.yarnpkg.com/react-use-size/-/react-use-size-1.2.3.tgz#ef08e9e28192bd0d2c8a9461c274db70cfc9f611"
  integrity sha512-Ilocuqa8bI+OkOo0juIGNaTevnHScSfTv7i2Eu/DbzBRWqFj6zZ8bBVGylBmnMYxn+JvGGdBOK+XvDhor+GSTg==
  dependencies:
    resize-observer-polyfill "1.5.1"

resize-observer-polyfill@1.5.1:
  version "1.5.1"
  resolved "https://registry.yarnpkg.com/resize-observer-polyfill/-/resize-observer-polyfill-1.5.1.tgz#0e9020dd3d21024458d4ebd27e23e40269810464"
  integrity sha512-LwZrotdHOo12nQuZlHEmtuXdqGoOD0OhaxopaNFxWzInpEgaLWoVuAMbTzixuosCx2nEG58ngzW3vxdWoxIgdg==

semantic-ui-css@^2.4.1:
  version "2.4.1"
  resolved "https://registry.yarnpkg.com/semantic-ui-css/-/semantic-ui-css-2.4.1.tgz#f5aea39fafb787cbd905ec724272a3f9cba9004a"
  integrity sha512-Pkp0p9oWOxlH0kODx7qFpIRYpK1T4WJOO4lNnpNPOoWKCrYsfHqYSKgk5fHfQtnWnsAKy7nLJMW02bgDWWFZFg==
  dependencies:
    jquery x.*

tween-functions@^1.2.0:
  version "1.2.0"
  resolved "https://registry.yarnpkg.com/tween-functions/-/tween-functions-1.2.0.tgz#1ae3a50e7c60bb3def774eac707acbca73bbc3ff"
  integrity sha1-GuOlDnxguz3vd06scHrLynO7w/8=
